// !$*UTF8*$!
{
	archiveVersion = 1;
	classes = {
	};
	objectVersion = 77;
	objects = {

/* Begin PBXBuildFile section */
		79AB00BD6A8A485D631C7735 /* AppConfig.swift in Sources */ = {isa = PBXBuildFile; fileRef = CB5F8432A2B0A7EF1579DEF0 /* AppConfig.swift */; };
		7A5A234AC74A94B9EE93E022 /* AppConfigTests.swift in Sources */ = {isa = PBXBuildFile; fileRef = 0558667357ED4521F97F3C09 /* AppConfigTests.swift */; };
		B3358C62A83850DDFCF316BD /* RootView.swift in Sources */ = {isa = PBXBuildFile; fileRef = 4EBC757C1E3FF8DF1BA0CB92 /* RootView.swift */; };
		F447944DC5F0948D829E58C1 /* OmniMindApp.swift in Sources */ = {isa = PBXBuildFile; fileRef = EB903DBAF9D4C662222D25F5 /* OmniMindApp.swift */; };
		FB2A57FF206645F28E9BCC72 /* LaunchSmokeTests.swift in Sources */ = {isa = PBXBuildFile; fileRef = 1349E01B21A3995BB84B2B52 /* LaunchSmokeTests.swift */; };
/* End PBXBuildFile section */

/* Begin PBXContainerItemProxy section */
		46455C4DDBBFCE79D58A78AC /* PBXContainerItemProxy */ = {
			isa = PBXContainerItemProxy;
			containerPortal = 190C01E17058D93F8CA89C92 /* Project object */;
			proxyType = 1;
			remoteGlobalIDString = 3784413E0A4665CEF0DF07F2;
			remoteInfo = OmniMind;
		};
		AF4CD9BB7C3D808279C5B845 /* PBXContainerItemProxy */ = {
			isa = PBXContainerItemProxy;
			containerPortal = 190C01E17058D93F8CA89C92 /* Project object */;
			proxyType = 1;
			remoteGlobalIDString = 3784413E0A4665CEF0DF07F2;
			remoteInfo = OmniMind;
		};
/* End PBXContainerItemProxy section */

/* Begin PBXFileReference section */
		0558667357ED4521F97F3C09 /* AppConfigTests.swift */ = {isa = PBXFileReference; lastKnownFileType = sourcecode.swift; path = AppConfigTests.swift; sourceTree = "<group>"; };
		1349E01B21A3995BB84B2B52 /* LaunchSmokeTests.swift */ = {isa = PBXFileReference; lastKnownFileType = sourcecode.swift; path = LaunchSmokeTests.swift; sourceTree = "<group>"; };
		3ADE21FEB7D6CE1EA2D24E67 /* OmniMindTests.xctest */ = {isa = PBXFileReference; includeInIndex = 0; lastKnownFileType = wrapper.cfbundle; path = OmniMindTests.xctest; sourceTree = BUILT_PRODUCTS_DIR; };
		4EBC757C1E3FF8DF1BA0CB92 /* RootView.swift */ = {isa = PBXFileReference; lastKnownFileType = sourcecode.swift; path = RootView.swift; sourceTree = "<group>"; };
		63A9BB61A49ADC741F3D4891 /* OmniMind.app */ = {isa = PBXFileReference; includeInIndex = 0; lastKnownFileType = wrapper.application; path = OmniMind.app; sourceTree = BUILT_PRODUCTS_DIR; };
		98696C6B3215EC53E10CDA95 /* OmniMindUITests.xctest */ = {isa = PBXFileReference; includeInIndex = 0; lastKnownFileType = wrapper.cfbundle; path = OmniMindUITests.xctest; sourceTree = BUILT_PRODUCTS_DIR; };
		CB5F8432A2B0A7EF1579DEF0 /* AppConfig.swift */ = {isa = PBXFileReference; lastKnownFileType = sourcecode.swift; path = AppConfig.swift; sourceTree = "<group>"; };
		EB903DBAF9D4C662222D25F5 /* OmniMindApp.swift */ = {isa = PBXFileReference; lastKnownFileType = sourcecode.swift; path = OmniMindApp.swift; sourceTree = "<group>"; };
/* End PBXFileReference section */

/* Begin PBXGroup section */
		2CAD17DDF4D09B9B9F13CCFE /* OmniMindTests */ = {
			isa = PBXGroup;
			children = (
				0558667357ED4521F97F3C09 /* AppConfigTests.swift */,
			);
			path = OmniMindTests;
			sourceTree = "<group>";
		};
		2ED9B85149C2B9EB5C96F589 = {
			isa = PBXGroup;
			children = (
				D7FAC9E675FA2A6C9F5104F6 /* OmniMind */,
				2CAD17DDF4D09B9B9F13CCFE /* OmniMindTests */,
				31C0490A96220FC395DE4F78 /* OmniMindUITests */,
				5B35B2AAC40105EA003F1D4F /* Products */,
			);
			sourceTree = "<group>";
		};
		31C0490A96220FC395DE4F78 /* OmniMindUITests */ = {
			isa = PBXGroup;
			children = (
				1349E01B21A3995BB84B2B52 /* LaunchSmokeTests.swift */,
			);
			path = OmniMindUITests;
			sourceTree = "<group>";
		};
		5B35B2AAC40105EA003F1D4F /* Products */ = {
			isa = PBXGroup;
			children = (
				63A9BB61A49ADC741F3D4891 /* OmniMind.app */,
				3ADE21FEB7D6CE1EA2D24E67 /* OmniMindTests.xctest */,
				98696C6B3215EC53E10CDA95 /* OmniMindUITests.xctest */,
			);
			name = Products;
			sourceTree = "<group>";
		};
		D7FAC9E675FA2A6C9F5104F6 /* OmniMind */ = {
			isa = PBXGroup;
			children = (
				EB903DBAF9D4C662222D25F5 /* OmniMindApp.swift */,
				4EBC757C1E3FF8DF1BA0CB92 /* RootView.swift */,
				EF003A273D45C911A008430A /* Support */,
			);
			path = OmniMind;
			sourceTree = "<group>";
		};
		EF003A273D45C911A008430A /* Support */ = {
			isa = PBXGroup;
			children = (
				CB5F8432A2B0A7EF1579DEF0 /* AppConfig.swift */,
			);
			path = Support;
			sourceTree = "<group>";
		};
/* End PBXGroup section */

/* Begin PBXNativeTarget section */
		3784413E0A4665CEF0DF07F2 /* OmniMind */ = {
			isa = PBXNativeTarget;
			buildConfigurationList = 401EDB1632200579BC0F091C /* Build configuration list for PBXNativeTarget "OmniMind" */;
			buildPhases = (
				376EE84347F1E1EC0721ED6A /* Sources */,
			);
			buildRules = (
			);
			dependencies = (
			);
			name = OmniMind;
			packageProductDependencies = (
			);
			productName = OmniMind;
			productReference = 63A9BB61A49ADC741F3D4891 /* OmniMind.app */;
			productType = "com.apple.product-type.application";
		};
		8D8809A9127EF82184427877 /* OmniMindUITests */ = {
			isa = PBXNativeTarget;
			buildConfigurationList = 67A13978418E4E81A8F44FA1 /* Build configuration list for PBXNativeTarget "OmniMindUITests" */;
			buildPhases = (
				8E7047EE90935B43237A2E0F /* Sources */,
			);
			buildRules = (
			);
			dependencies = (
				C4299AA979C54F805B2FBEB8 /* PBXTargetDependency */,
			);
			name = OmniMindUITests;
			packageProductDependencies = (
			);
			productName = OmniMindUITests;
			productReference = 98696C6B3215EC53E10CDA95 /* OmniMindUITests.xctest */;
			productType = "com.apple.product-type.bundle.ui-testing";
		};
		CFA4689AFA2F155A75B21AF1 /* OmniMindTests */ = {
			isa = PBXNativeTarget;
			buildConfigurationList = EAAB20BABE7375EFBA59D6EE /* Build configuration list for PBXNativeTarget "OmniMindTests" */;
			buildPhases = (
				E275FD0803190B5DC4DA9423 /* Sources */,
			);
			buildRules = (
			);
			dependencies = (
				F7EBE0EE5EFD00504953FADC /* PBXTargetDependency */,
			);
			name = OmniMindTests;
			packageProductDependencies = (
			);
			productName = OmniMindTests;
			productReference = 3ADE21FEB7D6CE1EA2D24E67 /* OmniMindTests.xctest */;
			productType = "com.apple.product-type.bundle.unit-test";
		};
/* End PBXNativeTarget section */

/* Begin PBXProject section */
		190C01E17058D93F8CA89C92 /* Project object */ = {
			isa = PBXProject;
			attributes = {
				BuildIndependentTargetsInParallel = YES;
				LastUpgradeCheck = 1430;
				TargetAttributes = {
					3784413E0A4665CEF0DF07F2 = {
						DevelopmentTeam = "";
					};
					8D8809A9127EF82184427877 = {
						DevelopmentTeam = "";
						TestTargetID = 3784413E0A4665CEF0DF07F2;
					};
					CFA4689AFA2F155A75B21AF1 = {
						DevelopmentTeam = "";
					};
				};
			};
			buildConfigurationList = 1ACB94C8C903E113C507ECD3 /* Build configuration list for PBXProject "OmniMind" */;
			developmentRegion = en;
			hasScannedForEncodings = 0;
			knownRegions = (
				Base,
				en,
			);
			mainGroup = 2ED9B85149C2B9EB5C96F589;
			minimizedProjectReferenceProxies = 1;
			preferredProjectObjectVersion = 77;
			productRefGroup = 5B35B2AAC40105EA003F1D4F /* Products */;
			projectDirPath = "";
			projectRoot = "";
			targets = (
				3784413E0A4665CEF0DF07F2 /* OmniMind */,
				CFA4689AFA2F155A75B21AF1 /* OmniMindTests */,
				8D8809A9127EF82184427877 /* OmniMindUITests */,
			);
		};
/* End PBXProject section */

/* Begin PBXSourcesBuildPhase section */
		376EE84347F1E1EC0721ED6A /* Sources */ = {
			isa = PBXSourcesBuildPhase;
			buildActionMask = 2147483647;
			files = (
				79AB00BD6A8A485D631C7735 /* AppConfig.swift in Sources */,
				F447944DC5F0948D829E58C1 /* OmniMindApp.swift in Sources */,
				B3358C62A83850DDFCF316BD /* RootView.swift in Sources */,
			);
			runOnlyForDeploymentPostprocessing = 0;
		};
		8E7047EE90935B43237A2E0F /* Sources */ = {
			isa = PBXSourcesBuildPhase;
			buildActionMask = 2147483647;
			files = (
				FB2A57FF206645F28E9BCC72 /* LaunchSmokeTests.swift in Sources */,
			);
			runOnlyForDeploymentPostprocessing = 0;
		};
		E275FD0803190B5DC4DA9423 /* Sources */ = {
			isa = PBXSourcesBuildPhase;
			buildActionMask = 2147483647;
			files = (
				7A5A234AC74A94B9EE93E022 /* AppConfigTests.swift in Sources */,
			);
			runOnlyForDeploymentPostprocessing = 0;
		};
/* End PBXSourcesBuildPhase section */

/* Begin PBXTargetDependency section */
		C4299AA979C54F805B2FBEB8 /* PBXTargetDependency */ = {
			isa = PBXTargetDependency;
			target = 3784413E0A4665CEF0DF07F2 /* OmniMind */;
			targetProxy = 46455C4DDBBFCE79D58A78AC /* PBXContainerItemProxy */;
		};
		F7EBE0EE5EFD00504953FADC /* PBXTargetDependency */ = {
			isa = PBXTargetDependency;
			target = 3784413E0A4665CEF0DF07F2 /* OmniMind */;
			targetProxy = AF4CD9BB7C3D808279C5B845 /* PBXContainerItemProxy */;
		};
/* End PBXTargetDependency section */

/* Begin XCBuildConfiguration section */
		21C0F2597E622529D6A15030 /* Debug */ = {
			isa = XCBuildConfiguration;
			buildSettings = {
				BUNDLE_LOADER = "$(TEST_HOST)";
				LD_RUNPATH_SEARCH_PATHS = (
					"$(inherited)",
					"@executable_path/Frameworks",
					"@loader_path/Frameworks",
				);
				PRODUCT_BUNDLE_IDENTIFIER = com.omnimind.OmniMindTests;
				SDKROOT = iphoneos;
				TARGETED_DEVICE_FAMILY = "1,2";
				TEST_HOST = "$(BUILT_PRODUCTS_DIR)/OmniMind.app/OmniMind";
			};
			name = Debug;
		};
		28A5D63AD42CA3343E2E2E46 /* Debug */ = {
			isa = XCBuildConfiguration;
			buildSettings = {
				ASSETCATALOG_COMPILER_APPICON_NAME = AppIcon;
				CODE_SIGN_IDENTITY = "iPhone Developer";
				INFOPLIST_KEY_CFBundleDisplayName = "옴니마인드";
				INFOPLIST_KEY_UIApplicationSupportsIndirectInputEvents = YES;
				INFOPLIST_KEY_UILaunchScreen_Generation = YES;
				LD_RUNPATH_SEARCH_PATHS = (
					"$(inherited)",
					"@executable_path/Frameworks",
				);
				PRODUCT_BUNDLE_IDENTIFIER = com.omnimind.app;
				SDKROOT = iphoneos;
				TARGETED_DEVICE_FAMILY = 1;
			};
			name = Debug;
		};
		2CA2224D5E6B928021B06239 /* Debug */ = {
			isa = XCBuildConfiguration;
			buildSettings = {
				BUNDLE_LOADER = "$(TEST_HOST)";
				LD_RUNPATH_SEARCH_PATHS = (
					"$(inherited)",
					"@executable_path/Frameworks",
					"@loader_path/Frameworks",
				);
				PRODUCT_BUNDLE_IDENTIFIER = com.omnimind.OmniMindUITests;
				SDKROOT = iphoneos;
				TARGETED_DEVICE_FAMILY = "1,2";
				TEST_TARGET_NAME = OmniMind;
			};
			name = Debug;
		};
		2DFA177F2F15F33650891820 /* Debug */ = {
			isa = XCBuildConfiguration;
			buildSettings = {
				ALWAYS_SEARCH_USER_PATHS = NO;
				CLANG_ANALYZER_NONNULL = YES;
				CLANG_ANALYZER_NUMBER_OBJECT_CONVERSION = YES_AGGRESSIVE;
				CLANG_CXX_LANGUAGE_STANDARD = "gnu++14";
				CLANG_CXX_LIBRARY = "libc++";
				CLANG_ENABLE_MODULES = YES;
				CLANG_ENABLE_OBJC_ARC = YES;
				CLANG_ENABLE_OBJC_WEAK = YES;
				CLANG_WARN_BLOCK_CAPTURE_AUTORELEASING = YES;
				CLANG_WARN_BOOL_CONVERSION = YES;
				CLANG_WARN_COMMA = YES;
				CLANG_WARN_CONSTANT_CONVERSION = YES;
				CLANG_WARN_DEPRECATED_OBJC_IMPLEMENTATIONS = YES;
				CLANG_WARN_DIRECT_OBJC_ISA_USAGE = YES_ERROR;
				CLANG_WARN_DOCUMENTATION_COMMENTS = YES;
				CLANG_WARN_EMPTY_BODY = YES;
				CLANG_WARN_ENUM_CONVERSION = YES;
				CLANG_WARN_INFINITE_RECURSION = YES;
				CLANG_WARN_INT_CONVERSION = YES;
				CLANG_WARN_NON_LITERAL_NULL_CONVERSION = YES;
				CLANG_WARN_OBJC_IMPLICIT_RETAIN_SELF = YES;
				CLANG_WARN_OBJC_LITERAL_CONVERSION = YES;
				CLANG_WARN_OBJC_ROOT_CLASS = YES_ERROR;
				CLANG_WARN_QUOTED_INCLUDE_IN_FRAMEWORK_HEADER = YES;
				CLANG_WARN_RANGE_LOOP_ANALYSIS = YES;
				CLANG_WARN_STRICT_PROTOTYPES = YES;
				CLANG_WARN_SUSPICIOUS_MOVE = YES;
				CLANG_WARN_UNGUARDED_AVAILABILITY = YES_AGGRESSIVE;
				CLANG_WARN_UNREACHABLE_CODE = YES;
				CLANG_WARN__DUPLICATE_METHOD_MATCH = YES;
				COPY_PHASE_STRIP = NO;
				CURRENT_PROJECT_VERSION = 1;
				DEBUG_INFORMATION_FORMAT = dwarf;
				DEVELOPMENT_TEAM = "";
				ENABLE_STRICT_OBJC_MSGSEND = YES;
				ENABLE_TESTABILITY = YES;
				GCC_C_LANGUAGE_STANDARD = gnu11;
				GCC_DYNAMIC_NO_PIC = NO;
				GCC_NO_COMMON_BLOCKS = YES;
				GCC_OPTIMIZATION_LEVEL = 0;
				GCC_PREPROCESSOR_DEFINITIONS = (
					"$(inherited)",
					"DEBUG=1",
				);
				GCC_WARN_64_TO_32_BIT_CONVERSION = YES;
				GCC_WARN_ABOUT_RETURN_TYPE = YES_ERROR;
				GCC_WARN_UNDECLARED_SELECTOR = YES;
				GCC_WARN_UNINITIALIZED_AUTOS = YES_AGGRESSIVE;
				GCC_WARN_UNUSED_FUNCTION = YES;
				GCC_WARN_UNUSED_VARIABLE = YES;
				GENERATE_INFOPLIST_FILE = YES;
				IPHONEOS_DEPLOYMENT_TARGET = 16.0;
				MARKETING_VERSION = 1.0.0;
				MTL_ENABLE_DEBUG_INFO = INCLUDE_SOURCE;
				MTL_FAST_MATH = YES;
				ONLY_ACTIVE_ARCH = YES;
				PRODUCT_NAME = "$(TARGET_NAME)";
				SDKROOT = iphoneos;
				SWIFT_ACTIVE_COMPILATION_CONDITIONS = DEBUG;
				SWIFT_OPTIMIZATION_LEVEL = "-Onone";
				SWIFT_VERSION = 5.9;
			};
			name = Debug;
		};
		B47F2E49FB1A7C07E5119217 /* Release */ = {
			isa = XCBuildConfiguration;
			buildSettings = {
				BUNDLE_LOADER = "$(TEST_HOST)";
				LD_RUNPATH_SEARCH_PATHS = (
					"$(inherited)",
					"@executable_path/Frameworks",
					"@loader_path/Frameworks",
				);
				PRODUCT_BUNDLE_IDENTIFIER = com.omnimind.OmniMindTests;
				SDKROOT = iphoneos;
				TARGETED_DEVICE_FAMILY = "1,2";
				TEST_HOST = "$(BUILT_PRODUCTS_DIR)/OmniMind.app/OmniMind";
			};
			name = Release;
		};
		BD8DB8F223A875F262E935D2 /* Release */ = {
			isa = XCBuildConfiguration;
			buildSettings = {
				ASSETCATALOG_COMPILER_APPICON_NAME = AppIcon;
				CODE_SIGN_IDENTITY = "iPhone Developer";
				INFOPLIST_KEY_CFBundleDisplayName = "옴니마인드";
				INFOPLIST_KEY_UIApplicationSupportsIndirectInputEvents = YES;
				INFOPLIST_KEY_UILaunchScreen_Generation = YES;
				LD_RUNPATH_SEARCH_PATHS = (
					"$(inherited)",
					"@executable_path/Frameworks",
				);
				PRODUCT_BUNDLE_IDENTIFIER = com.omnimind.app;
				SDKROOT = iphoneos;
				TARGETED_DEVICE_FAMILY = 1;
			};
			name = Release;
		};
		E9DBF3E39FE8194A67286949 /* Release */ = {
			isa = XCBuildConfiguration;
			buildSettings = {
				BUNDLE_LOADER = "$(TEST_HOST)";
				LD_RUNPATH_SEARCH_PATHS = (
					"$(inherited)",
					"@executable_path/Frameworks",
					"@loader_path/Frameworks",
				);
				PRODUCT_BUNDLE_IDENTIFIER = com.omnimind.OmniMindUITests;
				SDKROOT = iphoneos;
				TARGETED_DEVICE_FAMILY = "1,2";
				TEST_TARGET_NAME = OmniMind;
			};
			name = Release;
		};
		EA28A99EF1D5A4181A29D661 /* Release */ = {
			isa = XCBuildConfiguration;
			buildSettings = {
				ALWAYS_SEARCH_USER_PATHS = NO;
				CLANG_ANALYZER_NONNULL = YES;
				CLANG_ANALYZER_NUMBER_OBJECT_CONVERSION = YES_AGGRESSIVE;
				CLANG_CXX_LANGUAGE_STANDARD = "gnu++14";
				CLANG_CXX_LIBRARY = "libc++";
				CLANG_ENABLE_MODULES = YES;
				CLANG_ENABLE_OBJC_ARC = YES;
				CLANG_ENABLE_OBJC_WEAK = YES;
				CLANG_WARN_BLOCK_CAPTURE_AUTORELEASING = YES;
				CLANG_WARN_BOOL_CONVERSION = YES;
				CLANG_WARN_COMMA = YES;
				CLANG_WARN_CONSTANT_CONVERSION = YES;
				CLANG_WARN_DEPRECATED_OBJC_IMPLEMENTATIONS = YES;
				CLANG_WARN_DIRECT_OBJC_ISA_USAGE = YES_ERROR;
				CLANG_WARN_DOCUMENTATION_COMMENTS = YES;
				CLANG_WARN_EMPTY_BODY = YES;
				CLANG_WARN_ENUM_CONVERSION = YES;
				CLANG_WARN_INFINITE_RECURSION = YES;
				CLANG_WARN_INT_CONVERSION = YES;
				CLANG_WARN_NON_LITERAL_NULL_CONVERSION = YES;
				CLANG_WARN_OBJC_IMPLICIT_RETAIN_SELF = YES;
				CLANG_WARN_OBJC_LITERAL_CONVERSION = YES;
				CLANG_WARN_OBJC_ROOT_CLASS = YES_ERROR;
				CLANG_WARN_QUOTED_INCLUDE_IN_FRAMEWORK_HEADER = YES;
				CLANG_WARN_RANGE_LOOP_ANALYSIS = YES;
				CLANG_WARN_STRICT_PROTOTYPES = YES;
				CLANG_WARN_SUSPICIOUS_MOVE = YES;
				CLANG_WARN_UNGUARDED_AVAILABILITY = YES_AGGRESSIVE;
				CLANG_WARN_UNREACHABLE_CODE = YES;
				CLANG_WARN__DUPLICATE_METHOD_MATCH = YES;
				COPY_PHASE_STRIP = NO;
				CURRENT_PROJECT_VERSION = 1;
				DEBUG_INFORMATION_FORMAT = "dwarf-with-dsym";
				DEVELOPMENT_TEAM = "";
				ENABLE_NS_ASSERTIONS = NO;
				ENABLE_STRICT_OBJC_MSGSEND = YES;
				GCC_C_LANGUAGE_STANDARD = gnu11;
				GCC_NO_COMMON_BLOCKS = YES;
				GCC_WARN_64_TO_32_BIT_CONVERSION = YES;
				GCC_WARN_ABOUT_RETURN_TYPE = YES_ERROR;
				GCC_WARN_UNDECLARED_SELECTOR = YES;
				GCC_WARN_UNINITIALIZED_AUTOS = YES_AGGRESSIVE;
				GCC_WARN_UNUSED_FUNCTION = YES;
				GCC_WARN_UNUSED_VARIABLE = YES;
				GENERATE_INFOPLIST_FILE = YES;
				IPHONEOS_DEPLOYMENT_TARGET = 16.0;
				MARKETING_VERSION = 1.0.0;
				MTL_ENABLE_DEBUG_INFO = NO;
				MTL_FAST_MATH = YES;
				PRODUCT_NAME = "$(TARGET_NAME)";
				SDKROOT = iphoneos;
				SWIFT_COMPILATION_MODE = wholemodule;
				SWIFT_OPTIMIZATION_LEVEL = "-O";
				SWIFT_VERSION = 5.9;
			};
			name = Release;
		};
/* End XCBuildConfiguration section */

/* Begin XCConfigurationList section */
		1ACB94C8C903E113C507ECD3 /* Build configuration list for PBXProject "OmniMind" */ = {
			isa = XCConfigurationList;
			buildConfigurations = (
				2DFA177F2F15F33650891820 /* Debug */,
				EA28A99EF1D5A4181A29D661 /* Release */,
			);
			defaultConfigurationIsVisible = 0;
			defaultConfigurationName = Debug;
		};
		401EDB1632200579BC0F091C /* Build configuration list for PBXNativeTarget "OmniMind" */ = {
			isa = XCConfigurationList;
			buildConfigurations = (
				28A5D63AD42CA3343E2E2E46 /* Debug */,
				BD8DB8F223A875F262E935D2 /* Release */,
			);
			defaultConfigurationIsVisible = 0;
			defaultConfigurationName = Debug;
		};
		67A13978418E4E81A8F44FA1 /* Build configuration list for PBXNativeTarget "OmniMindUITests" */ = {
			isa = XCConfigurationList;
			buildConfigurations = (
				2CA2224D5E6B928021B06239 /* Debug */,
				E9DBF3E39FE8194A67286949 /* Release */,
			);
			defaultConfigurationIsVisible = 0;
			defaultConfigurationName = Debug;
		};
		EAAB20BABE7375EFBA59D6EE /* Build configuration list for PBXNativeTarget "OmniMindTests" */ = {
			isa = XCConfigurationList;
			buildConfigurations = (
				21C0F2597E622529D6A15030 /* Debug */,
				B47F2E49FB1A7C07E5119217 /* Release */,
			);
			defaultConfigurationIsVisible = 0;
			defaultConfigurationName = Debug;
		};
/* End XCConfigurationList section */
	};
	rootObject = 190C01E17058D93F8CA89C92 /* Project object */;
}
